<?xml version="1.0" encoding="utf-8"?>
<Project ToolsVersion="4.0" xmlns="http://schemas.microsoft.com/developer/msbuild/2003">
  <ItemGroup>
    <Filter Include="Source Files">
      <UniqueIdentifier>{4FC737F1-C7A5-4376-A066-2A32D752A2FF}</UniqueIdentifier>
      <Extensions>cpp;c;cc;cxx;c++;cppm;ixx;def;odl;idl;hpj;bat;asm;asmx</Extensions>
    </Filter>
    <Filter Include="Header Files">
      <UniqueIdentifier>{93995380-89BD-4b04-88EB-625FBE52EBFB}</UniqueIdentifier>
      <Extensions>h;hh;hpp;hxx;h++;hm;inl;inc;ipp;xsd</Extensions>
    </Filter>
    <Filter Include="Resource Files">
      <UniqueIdentifier>{67DA6AB6-F800-4c08-8B7A-83BB121AAD01}</UniqueIdentifier>
      <Extensions>rc;ico;cur;bmp;dlg;rc2;rct;bin;rgs;gif;jpg;jpeg;jpe;resx;tiff;tif;png;wav;mfcribbon-ms</Extensions>
    </Filter>
    <Filter Include="More Files">
      <UniqueIdentifier>{ec5a5eb5-a05a-4b2a-bcfa-041f59da7744}</UniqueIdentifier>
    </Filter>
    <Filter Include="Source Files\main">
      <UniqueIdentifier>{5a6d75e4-b621-4667-9a4a-cefe8384becf}</UniqueIdentifier>
    </Filter>
    <Filter Include="Source Files\hooks">
      <UniqueIdentifier>{a91785ca-9c6d-49cf-a545-038f5ee1d94e}</UniqueIdentifier>
    </Filter>
    <Filter Include="Source Files\global">
      <UniqueIdentifier>{02f32757-3add-4903-af03-c7d3e6abf34d}</UniqueIdentifier>
    </Filter>
    <Filter Include="Header Files\main">
      <UniqueIdentifier>{27ad5e02-cb69-4120-b24e-cc0cf1239588}</UniqueIdentifier>
    </Filter>
    <Filter Include="Header Files\hooks">
      <UniqueIdentifier>{f8b3b3ec-6691-46e7-be25-4c1f6eeb96ad}</UniqueIdentifier>
    </Filter>
    <Filter Include="Header Files\global">
      <UniqueIdentifier>{22ced9ca-4054-4d6c-87b2-cd4bb6e81afd}</UniqueIdentifier>
    </Filter>
    <Filter Include="Header Files\functions">
      <UniqueIdentifier>{b04b0053-f4f5-472d-8b71-756bc1f0e0dc}</UniqueIdentifier>
    </Filter>
    <Filter Include="Header Files\modules">
      <UniqueIdentifier>{e75be812-c34a-4c96-91cb-58a5d5b3b39c}</UniqueIdentifier>
    </Filter>
    <Filter Include="Source Files\modules">
      <UniqueIdentifier>{0a5e6bfc-4f2f-4144-95ab-31c5d7b9cd97}</UniqueIdentifier>
    </Filter>
    <Filter Include="Header Files\hooks\global">
      <UniqueIdentifier>{35331ff7-9b38-43e5-8b6f-1a4865199143}</UniqueIdentifier>
    </Filter>
    <Filter Include="Source Files\modules\ui">
      <UniqueIdentifier>{4ffad4b8-2037-4ab7-b844-1f0da2ad4da4}</UniqueIdentifier>
    </Filter>
    <Filter Include="Header Files\modules\ui">
      <UniqueIdentifier>{476724d6-10c6-4fe4-b6d5-ed6dfe5d1653}</UniqueIdentifier>
    </Filter>
    <Filter Include="Header Files\hooks\ui">
      <UniqueIdentifier>{ef8948ea-28da-4a43-8e30-e3224f9eb269}</UniqueIdentifier>
    </Filter>
    <Filter Include="Header Files\utils">
      <UniqueIdentifier>{0a6bba05-e6ae-4a06-acf1-fd0a6be1e524}</UniqueIdentifier>
    </Filter>
    <Filter Include="Header Files\modules\gameplay">
      <UniqueIdentifier>{4c4ee975-e306-4d5e-b71e-04b43532a06a}</UniqueIdentifier>
    </Filter>
    <Filter Include="Header Files\hooks\vehicle">
      <UniqueIdentifier>{6bd2126b-c39a-4dc2-af75-61cbe83c7f04}</UniqueIdentifier>
    </Filter>
    <Filter Include="Source Files\modules\gameplay">
      <UniqueIdentifier>{ceee6b81-211f-48f9-8923-baf9cddf9cbc}</UniqueIdentifier>
    </Filter>
    <Filter Include="More Files\ImGUI">
      <UniqueIdentifier>{10d1fb18-5b11-4f29-b7b6-984f7021cdc1}</UniqueIdentifier>
    </Filter>
    <Filter Include="Header Files\gui">
      <UniqueIdentifier>{aabd1080-729f-4ac0-8758-61af752f2fbc}</UniqueIdentifier>
    </Filter>
    <Filter Include="Source Files\gui">
      <UniqueIdentifier>{07c9c106-7ef6-4fb8-a123-c2dbf0e805d8}</UniqueIdentifier>
    </Filter>
    <Filter Include="Header Files\gui\kiero">
      <UniqueIdentifier>{29c7d154-0e63-4fd1-9549-577bc9c39607}</UniqueIdentifier>
    </Filter>
    <Filter Include="Source Files\gui\kiero">
      <UniqueIdentifier>{b5c9d1bd-6f8f-4d46-bbcb-1127d40f9f39}</UniqueIdentifier>
    </Filter>
    <Filter Include="Source Files\gui\menus">
      <UniqueIdentifier>{af587844-439c-4ecd-bad7-1990f828055c}</UniqueIdentifier>
    </Filter>
    <Filter Include="Header Files\modules\commands">
      <UniqueIdentifier>{503615e9-4ba0-4adf-b58a-746db8a9ad59}</UniqueIdentifier>
    </Filter>
    <Filter Include="Source Files\modules\commands">
      <UniqueIdentifier>{9d595b77-e39a-4299-9537-a7a6d30906b1}</UniqueIdentifier>
    </Filter>
  </ItemGroup>
  <ItemGroup>
    <ClCompile Include="dllmain.cpp">
      <Filter>Source Files\main</Filter>
    </ClCompile>
    <ClCompile Include="main.cpp">
      <Filter>Source Files\main</Filter>
    </ClCompile>
    <ClCompile Include="hooks.cpp">
      <Filter>Source Files\hooks</Filter>
    </ClCompile>
    <ClCompile Include="global.cpp">
      <Filter>Source Files\global</Filter>
    </ClCompile>
    <ClCompile Include="messages.cpp">
      <Filter>Source Files\modules</Filter>
    </ClCompile>
    <ClCompile Include="interpreter.cpp">
      <Filter>Source Files\modules</Filter>
    </ClCompile>
    <ClCompile Include="moderation.cpp">
      <Filter>Source Files\modules</Filter>
    </ClCompile>
    <ClCompile Include="watermark.cpp">
      <Filter>Source Files\modules\ui</Filter>
    </ClCompile>
    <ClCompile Include="uibase.cpp">
      <Filter>Source Files\modules\ui</Filter>
    </ClCompile>
    <ClCompile Include="Module.cpp">
      <Filter>Source Files\modules</Filter>
    </ClCompile>
    <ClCompile Include="..\Include\imgui\imgui.cpp">
      <Filter>More Files\ImGUI</Filter>
    </ClCompile>
    <ClCompile Include="..\Include\imgui\imgui_demo.cpp">
      <Filter>More Files\ImGUI</Filter>
    </ClCompile>
    <ClCompile Include="..\Include\imgui\imgui_draw.cpp">
      <Filter>More Files\ImGUI</Filter>
    </ClCompile>
    <ClCompile Include="..\Include\imgui\imgui_impl_dx11.cpp">
      <Filter>More Files\ImGUI</Filter>
    </ClCompile>
    <ClCompile Include="..\Include\imgui\imgui_impl_win32.cpp">
      <Filter>More Files\ImGUI</Filter>
    </ClCompile>
    <ClCompile Include="..\Include\imgui\imgui_tables.cpp">
      <Filter>More Files\ImGUI</Filter>
    </ClCompile>
    <ClCompile Include="..\Include\imgui\imgui_widgets.cpp">
      <Filter>More Files\ImGUI</Filter>
    </ClCompile>
    <ClCompile Include="..\Include\imgui\implot.cpp">
      <Filter>More Files\ImGUI</Filter>
    </ClCompile>
    <ClCompile Include="..\Include\imgui\implot_items.cpp">
      <Filter>More Files\ImGUI</Filter>
    </ClCompile>
    <ClCompile Include="gui_manager.cpp">
      <Filter>Source Files\gui</Filter>
    </ClCompile>
    <ClCompile Include="kiero.cpp">
      <Filter>Source Files\gui\kiero</Filter>
    </ClCompile>
    <ClCompile Include="main_menu.cpp">
      <Filter>Source Files\gui\menus</Filter>
    </ClCompile>
    <ClCompile Include="command_engine_menu.cpp">
      <Filter>Source Files\gui\menus</Filter>
    </ClCompile>
    <ClCompile Include="master_commands.cpp">
      <Filter>Source Files\modules\commands</Filter>
    </ClCompile>
    <ClCompile Include="moderation_commands.cpp">
      <Filter>Source Files\modules\commands</Filter>
    </ClCompile>
    <ClCompile Include="main_commands.cpp">
      <Filter>Source Files\modules\commands</Filter>
    </ClCompile>
    <ClCompile Include="movement_commands.cpp">
      <Filter>Source Files\modules\commands</Filter>
    </ClCompile>
    <ClCompile Include="enviroment_commands.cpp">
      <Filter>Source Files\modules\commands</Filter>
    </ClCompile>
    <ClCompile Include="weapons_commands.cpp">
      <Filter>Source Files\modules\commands</Filter>
    </ClCompile>
    <ClCompile Include="moderation_menu.cpp">
      <Filter>Source Files\gui\menus</Filter>
    </ClCompile>
  </ItemGroup>
  <ItemGroup>
    <ClInclude Include="main.h">
      <Filter>Header Files\main</Filter>
    </ClInclude>
    <ClInclude Include="hooks.h">
      <Filter>Header Files\hooks</Filter>
    </ClInclude>
    <ClInclude Include="AddChatMessage.h">
      <Filter>Header Files\hooks</Filter>
    </ClInclude>
    <ClInclude Include="global.h">
      <Filter>Header Files\global</Filter>
    </ClInclude>
    <ClInclude Include="messages.h">
      <Filter>Header Files\modules</Filter>
    </ClInclude>
    <ClInclude Include="modules.h">
      <Filter>Header Files\modules</Filter>
    </ClInclude>
    <ClInclude Include="functions.h">
      <Filter>Header Files\functions</Filter>
    </ClInclude>
    <ClInclude Include="OnPlayerJoined.h">
      <Filter>Header Files\hooks\global</Filter>
    </ClInclude>
    <ClInclude Include="LoadMap.h">
      <Filter>Header Files\hooks\global</Filter>
    </ClInclude>
    <ClInclude Include="StartPlay.h">
      <Filter>Header Files\hooks\global</Filter>
    </ClInclude>
    <ClInclude Include="welcome.h">
      <Filter>Header Files\modules</Filter>
    </ClInclude>
    <ClInclude Include="interpreter.h">
      <Filter>Header Files\modules</Filter>
    </ClInclude>
    <ClInclude Include="moderation.h">
      <Filter>Header Files\modules</Filter>
    </ClInclude>
    <ClInclude Include="watermark.h">
      <Filter>Header Files\modules\ui</Filter>
    </ClInclude>
    <ClInclude Include="uibase.h">
      <Filter>Header Files\modules\ui</Filter>
    </ClInclude>
    <ClInclude Include="BeginPlay.h">
      <Filter>Header Files\hooks\global</Filter>
    </ClInclude>
    <ClInclude Include="LoggerStream.h">
      <Filter>Header Files\global</Filter>
    </ClInclude>
    <ClInclude Include="logger.h">
      <Filter>Header Files\global</Filter>
    </ClInclude>
    <ClInclude Include="OpenMenu.h">
      <Filter>Header Files\hooks\ui</Filter>
    </ClInclude>
    <ClInclude Include="offsets.h">
      <Filter>Header Files\utils</Filter>
    </ClInclude>
    <ClInclude Include="stringlist.h">
      <Filter>Header Files\utils</Filter>
    </ClInclude>
    <ClInclude Include="PlayerInfo.h">
      <Filter>Header Files\utils</Filter>
    </ClInclude>
    <ClInclude Include="actorutils.h">
      <Filter>Header Files\utils</Filter>
    </ClInclude>
    <ClInclude Include="EngineLoopTick.h">
      <Filter>Header Files\hooks\global</Filter>
    </ClInclude>
    <ClInclude Include="blacklist.h">
      <Filter>Header Files\modules\gameplay</Filter>
    </ClInclude>
    <ClInclude Include="Module.h">
      <Filter>Header Files\modules</Filter>
    </ClInclude>
    <ClInclude Include="RestartPlayerAt.h">
      <Filter>Header Files\hooks\vehicle</Filter>
    </ClInclude>
    <ClInclude Include="Saver.h">
      <Filter>Header Files</Filter>
    </ClInclude>
    <ClInclude Include="gui_manager.h">
      <Filter>Header Files\gui</Filter>
    </ClInclude>
    <ClInclude Include="kiero.h">
      <Filter>Header Files\gui\kiero</Filter>
    </ClInclude>
    <ClInclude Include="commands.h">
      <Filter>Header Files\modules\commands</Filter>
    </ClInclude>
    <ClInclude Include="menus.h">
      <Filter>Header Files\gui</Filter>
    </ClInclude>
    <ClInclude Include="loader.h">
      <Filter>Header Files\functions</Filter>
    </ClInclude>
  </ItemGroup>
  <ItemGroup>
    <None Include="HookDiagram.cd" />
  </ItemGroup>
  <ItemGroup>
    <CopyFileToFolders Include="..\functions.json" />
  </ItemGroup>
</Project>